
Microsoft Visual Studio Solution File, Format Version 12.00
# Visual Studio Version 17
VisualStudioVersion = 17.0.31903.59
MinimumVisualStudioVersion = 10.0.40219.1
Project("{9A19103F-16F7-4668-BE54-9A1E7A4F7556}") = "ConsoleAppProject", "ConsoleAppProject.csproj", "{EE64ECE0-D7C4-4D07-AA29-6D651847027E}"
EndProject
Project("{FAE04EC0-301F-11D3-BF4B-00C04F79EFBC}") = "apptests", "..\apptests\apptests.csproj", "{65644A67-0D7A-4AD6-9FF8-86C8895CBD07}"
EndProject
Project("{FAE04EC0-301F-11D3-BF4B-00C04F79EFBC}") = "webapps", "..\webapps\webapps.csproj", "{7AC2CBFE-7874-4A24-B3AC-B3822055C144}"
EndProject
Global
	GlobalSection(SolutionConfigurationPlatforms) = preSolution
		Debug|Any CPU = Debug|Any CPU
		Release|Any CPU = Release|Any CPU
	EndGlobalSection
	GlobalSection(ProjectConfigurationPlatforms) = postSolution
		{EE64ECE0-D7C4-4D07-AA29-6D651847027E}.Debug|Any CPU.ActiveCfg = Debug|Any CPU
		{EE64ECE0-D7C4-4D07-AA29-6D651847027E}.Debug|Any CPU.Build.0 = Debug|Any CPU
		{EE64ECE0-D7C4-4D07-AA29-6D651847027E}.Release|Any CPU.ActiveCfg = Release|Any CPU
		{EE64ECE0-D7C4-4D07-AA29-6D651847027E}.Release|Any CPU.Build.0 = Release|Any CPU
		{65644A67-0D7A-4AD6-9FF8-86C8895CBD07}.Debug|Any CPU.ActiveCfg = Debug|Any CPU
		{65644A67-0D7A-4AD6-9FF8-86C8895CBD07}.Debug|Any CPU.Build.0 = Debug|Any CPU
		{65644A67-0D7A-4AD6-9FF8-86C8895CBD07}.Release|Any CPU.ActiveCfg = Release|Any CPU
		{65644A67-0D7A-4AD6-9FF8-86C8895CBD07}.Release|Any CPU.Build.0 = Release|Any CPU
		{7AC2CBFE-7874-4A24-B3AC-B3822055C144}.Debug|Any CPU.ActiveCfg = Debug|Any CPU
		{7AC2CBFE-7874-4A24-B3AC-B3822055C144}.Debug|Any CPU.Build.0 = Debug|Any CPU
		{7AC2CBFE-7874-4A24-B3AC-B3822055C144}.Release|Any CPU.ActiveCfg = Release|Any CPU
		{7AC2CBFE-7874-4A24-B3AC-B3822055C144}.Release|Any CPU.Build.0 = Release|Any CPU
	EndGlobalSection
	GlobalSection(SolutionProperties) = preSolution
		HideSolutionNode = FALSE
	EndGlobalSection
	GlobalSection(ExtensibilityGlobals) = postSolution
		SolutionGuid = {D20738E9-0F00-4E45-BB57-CA0A0995B651}
	EndGlobalSection
EndGlobal
